// !$*UTF8*$!
{
	archiveVersion = 1;
	classes = {
	};
	objectVersion = 56;
	objects = {

/* Begin PBXBuildFile section */
		D52E9E892BF9FD79005776AA /* Router.swift in Sources */ = {isa = PBXBuildFile; fileRef = D52E9E882BF9FD79005776AA /* Router.swift */; };
		D55F47552BF940EC004E97D5 /* FavouritesViewController.swift in Sources */ = {isa = PBXBuildFile; fileRef = D55F47542BF940EC004E97D5 /* FavouritesViewController.swift */; };
		D55F47572BF941FC004E97D5 /* MyUITabBarController.swift in Sources */ = {isa = PBXBuildFile; fileRef = D55F47562BF941FC004E97D5 /* MyUITabBarController.swift */; };
		D5A110122BF1FAA200D28500 /* AppDelegate.swift in Sources */ = {isa = PBXBuildFile; fileRef = D5A110112BF1FAA200D28500 /* AppDelegate.swift */; };
		D5A110142BF1FAA200D28500 /* SceneDelegate.swift in Sources */ = {isa = PBXBuildFile; fileRef = D5A110132BF1FAA200D28500 /* SceneDelegate.swift */; };
		D5A110162BF1FAA200D28500 /* ViewController.swift in Sources */ = {isa = PBXBuildFile; fileRef = D5A110152BF1FAA200D28500 /* ViewController.swift */; };
		D5A110192BF1FAA200D28500 /* Main.storyboard in Resources */ = {isa = PBXBuildFile; fileRef = D5A110172BF1FAA200D28500 /* Main.storyboard */; };
		D5A1101B2BF1FAA500D28500 /* Assets.xcassets in Resources */ = {isa = PBXBuildFile; fileRef = D5A1101A2BF1FAA500D28500 /* Assets.xcassets */; };
		D5A1101E2BF1FAA500D28500 /* LaunchScreen.storyboard in Resources */ = {isa = PBXBuildFile; fileRef = D5A1101C2BF1FAA500D28500 /* LaunchScreen.storyboard */; };
		D5A110272BF1FAFC00D28500 /* PureLayout in Frameworks */ = {isa = PBXBuildFile; productRef = D5A110262BF1FAFC00D28500 /* PureLayout */; };
		D5A1102A2BF1FB2200D28500 /* MovieAppData in Frameworks */ = {isa = PBXBuildFile; productRef = D5A110292BF1FB2200D28500 /* MovieAppData */; };
		D5A1102C2BF1FBAB00D28500 /* MovieListViewController.swift in Sources */ = {isa = PBXBuildFile; fileRef = D5A1102B2BF1FBAB00D28500 /* MovieListViewController.swift */; };
		D5A1102E2BF1FBEB00D28500 /* MovieListViewCell.swift in Sources */ = {isa = PBXBuildFile; fileRef = D5A1102D2BF1FBEB00D28500 /* MovieListViewCell.swift */; };
		D5A110302BF1FD0B00D28500 /* MovieThreeListCategories.swift in Sources */ = {isa = PBXBuildFile; fileRef = D5A1102F2BF1FD0B00D28500 /* MovieThreeListCategories.swift */; };
		D5A110322BF1FD4000D28500 /* SectionTableViewCell.swift in Sources */ = {isa = PBXBuildFile; fileRef = D5A110312BF1FD4000D28500 /* SectionTableViewCell.swift */; };
		D5DB2C1B2BF958A100AD3CEC /* LoginView.swift in Sources */ = {isa = PBXBuildFile; fileRef = D5DB2C1A2BF958A100AD3CEC /* LoginView.swift */; };
		D5DB2C1D2BF9595F00AD3CEC /* MovieDetailsViewController.swift in Sources */ = {isa = PBXBuildFile; fileRef = D5DB2C1C2BF9595F00AD3CEC /* MovieDetailsViewController.swift */; };
/* End PBXBuildFile section */

/* Begin PBXFileReference section */
		D52E9E882BF9FD79005776AA /* Router.swift */ = {isa = PBXFileReference; lastKnownFileType = sourcecode.swift; path = Router.swift; sourceTree = "<group>"; };
		D55F47542BF940EC004E97D5 /* FavouritesViewController.swift */ = {isa = PBXFileReference; lastKnownFileType = sourcecode.swift; path = FavouritesViewController.swift; sourceTree = "<group>"; };
		D55F47562BF941FC004E97D5 /* MyUITabBarController.swift */ = {isa = PBXFileReference; lastKnownFileType = sourcecode.swift; path = MyUITabBarController.swift; sourceTree = "<group>"; };
		D5A1100E2BF1FAA200D28500 /* MovieApp.app */ = {isa = PBXFileReference; explicitFileType = wrapper.application; includeInIndex = 0; path = MovieApp.app; sourceTree = BUILT_PRODUCTS_DIR; };
		D5A110112BF1FAA200D28500 /* AppDelegate.swift */ = {isa = PBXFileReference; lastKnownFileType = sourcecode.swift; path = AppDelegate.swift; sourceTree = "<group>"; };
		D5A110132BF1FAA200D28500 /* SceneDelegate.swift */ = {isa = PBXFileReference; lastKnownFileType = sourcecode.swift; path = SceneDelegate.swift; sourceTree = "<group>"; };
		D5A110152BF1FAA200D28500 /* ViewController.swift */ = {isa = PBXFileReference; lastKnownFileType = sourcecode.swift; path = ViewController.swift; sourceTree = "<group>"; };
		D5A110182BF1FAA200D28500 /* Base */ = {isa = PBXFileReference; lastKnownFileType = file.storyboard; name = Base; path = Base.lproj/Main.storyboard; sourceTree = "<group>"; };
		D5A1101A2BF1FAA500D28500 /* Assets.xcassets */ = {isa = PBXFileReference; lastKnownFileType = folder.assetcatalog; path = Assets.xcassets; sourceTree = "<group>"; };
		D5A1101D2BF1FAA500D28500 /* Base */ = {isa = PBXFileReference; lastKnownFileType = file.storyboard; name = Base; path = Base.lproj/LaunchScreen.storyboard; sourceTree = "<group>"; };
		D5A1101F2BF1FAA500D28500 /* Info.plist */ = {isa = PBXFileReference; lastKnownFileType = text.plist.xml; path = Info.plist; sourceTree = "<group>"; };
		D5A1102B2BF1FBAB00D28500 /* MovieListViewController.swift */ = {isa = PBXFileReference; lastKnownFileType = sourcecode.swift; path = MovieListViewController.swift; sourceTree = "<group>"; };
		D5A1102D2BF1FBEB00D28500 /* MovieListViewCell.swift */ = {isa = PBXFileReference; lastKnownFileType = sourcecode.swift; path = MovieListViewCell.swift; sourceTree = "<group>"; };
		D5A1102F2BF1FD0B00D28500 /* MovieThreeListCategories.swift */ = {isa = PBXFileReference; lastKnownFileType = sourcecode.swift; path = MovieThreeListCategories.swift; sourceTree = "<group>"; };
		D5A110312BF1FD4000D28500 /* SectionTableViewCell.swift */ = {isa = PBXFileReference; lastKnownFileType = sourcecode.swift; path = SectionTableViewCell.swift; sourceTree = "<group>"; };
		D5DB2C1A2BF958A100AD3CEC /* LoginView.swift */ = {isa = PBXFileReference; lastKnownFileType = sourcecode.swift; path = LoginView.swift; sourceTree = "<group>"; };
		D5DB2C1C2BF9595F00AD3CEC /* MovieDetailsViewController.swift */ = {isa = PBXFileReference; lastKnownFileType = sourcecode.swift; path = MovieDetailsViewController.swift; sourceTree = "<group>"; };
/* End PBXFileReference section */

/* Begin PBXFrameworksBuildPhase section */
		D5A1100B2BF1FAA200D28500 /* Frameworks */ = {
			isa = PBXFrameworksBuildPhase;
			buildActionMask = 2147483647;
			files = (
				D5A110272BF1FAFC00D28500 /* PureLayout in Frameworks */,
				D5A1102A2BF1FB2200D28500 /* MovieAppData in Frameworks */,
			);
			runOnlyForDeploymentPostprocessing = 0;
		};
/* End PBXFrameworksBuildPhase section */

/* Begin PBXGroup section */
		D5A110052BF1FAA200D28500 = {
			isa = PBXGroup;
			children = (
				D5A110102BF1FAA200D28500 /* MovieApp */,
				D5A1100F2BF1FAA200D28500 /* Products */,
			);
			sourceTree = "<group>";
		};
		D5A1100F2BF1FAA200D28500 /* Products */ = {
			isa = PBXGroup;
			children = (
				D5A1100E2BF1FAA200D28500 /* MovieApp.app */,
			);
			name = Products;
			sourceTree = "<group>";
		};
		D5A110102BF1FAA200D28500 /* MovieApp */ = {
			isa = PBXGroup;
			children = (
				D5A110112BF1FAA200D28500 /* AppDelegate.swift */,
				D5A110132BF1FAA200D28500 /* SceneDelegate.swift */,
				D5A110152BF1FAA200D28500 /* ViewController.swift */,
				D5A110172BF1FAA200D28500 /* Main.storyboard */,
				D5A1101A2BF1FAA500D28500 /* Assets.xcassets */,
				D5A1101C2BF1FAA500D28500 /* LaunchScreen.storyboard */,
				D55F47542BF940EC004E97D5 /* FavouritesViewController.swift */,
				D5A1102D2BF1FBEB00D28500 /* MovieListViewCell.swift */,
				D5A1102B2BF1FBAB00D28500 /* MovieListViewController.swift */,
				D5A1102F2BF1FD0B00D28500 /* MovieThreeListCategories.swift */,
				D5A1101F2BF1FAA500D28500 /* Info.plist */,
				D55F47562BF941FC004E97D5 /* MyUITabBarController.swift */,
				D5A110312BF1FD4000D28500 /* SectionTableViewCell.swift */,
				D52E9E882BF9FD79005776AA /* Router.swift */,
				D5DB2C1C2BF9595F00AD3CEC /* MovieDetailsViewController.swift */,
				D5DB2C1A2BF958A100AD3CEC /* LoginView.swift */,
			);
			path = MovieApp;
			sourceTree = "<group>";
		};
/* End PBXGroup section */

/* Begin PBXNativeTarget section */
		D5A1100D2BF1FAA200D28500 /* MovieApp */ = {
			isa = PBXNativeTarget;
			buildConfigurationList = D5A110222BF1FAA500D28500 /* Build configuration list for PBXNativeTarget "MovieApp" */;
			buildPhases = (
				D5A1100A2BF1FAA200D28500 /* Sources */,
				D5A1100B2BF1FAA200D28500 /* Frameworks */,
				D5A1100C2BF1FAA200D28500 /* Resources */,
			);
			buildRules = (
			);
			dependencies = (
			);
			name = MovieApp;
			packageProductDependencies = (
				D5A110262BF1FAFC00D28500 /* PureLayout */,
				D5A110292BF1FB2200D28500 /* MovieAppData */,
			);
			productName = MovieApp;
			productReference = D5A1100E2BF1FAA200D28500 /* MovieApp.app */;
			productType = "com.apple.product-type.application";
		};
/* End PBXNativeTarget section */

/* Begin PBXProject section */
		D5A110062BF1FAA200D28500 /* Project object */ = {
			isa = PBXProject;
			attributes = {
				BuildIndependentTargetsInParallel = 1;
				LastSwiftUpdateCheck = 1520;
				LastUpgradeCheck = 1520;
				TargetAttributes = {
					D5A1100D2BF1FAA200D28500 = {
						CreatedOnToolsVersion = 15.2;
					};
				};
			};
			buildConfigurationList = D5A110092BF1FAA200D28500 /* Build configuration list for PBXProject "MovieApp" */;
			compatibilityVersion = "Xcode 14.0";
			developmentRegion = en;
			hasScannedForEncodings = 0;
			knownRegions = (
				en,
				Base,
			);
			mainGroup = D5A110052BF1FAA200D28500;
			packageReferences = (
				D5A110252BF1FAFC00D28500 /* XCRemoteSwiftPackageReference "PureLayout" */,
				D5A110282BF1FB2200D28500 /* XCRemoteSwiftPackageReference "MovieAppData" */,
			);
			productRefGroup = D5A1100F2BF1FAA200D28500 /* Products */;
			projectDirPath = "";
			projectRoot = "";
			targets = (
				D5A1100D2BF1FAA200D28500 /* MovieApp */,
			);
		};
/* End PBXProject section */

/* Begin PBXResourcesBuildPhase section */
		D5A1100C2BF1FAA200D28500 /* Resources */ = {
			isa = PBXResourcesBuildPhase;
			buildActionMask = 2147483647;
			files = (
				D5A1101E2BF1FAA500D28500 /* LaunchScreen.storyboard in Resources */,
				D5A1101B2BF1FAA500D28500 /* Assets.xcassets in Resources */,
				D5A110192BF1FAA200D28500 /* Main.storyboard in Resources */,
			);
			runOnlyForDeploymentPostprocessing = 0;
		};
/* End PBXResourcesBuildPhase section */

/* Begin PBXSourcesBuildPhase section */
		D5A1100A2BF1FAA200D28500 /* Sources */ = {
			isa = PBXSourcesBuildPhase;
			buildActionMask = 2147483647;
			files = (
				D55F47552BF940EC004E97D5 /* FavouritesViewController.swift in Sources */,
				D5A1102E2BF1FBEB00D28500 /* MovieListViewCell.swift in Sources */,
				D5A110322BF1FD4000D28500 /* SectionTableViewCell.swift in Sources */,
				D5A110162BF1FAA200D28500 /* ViewController.swift in Sources */,
				D52E9E892BF9FD79005776AA /* Router.swift in Sources */,
				D55F47572BF941FC004E97D5 /* MyUITabBarController.swift in Sources */,
				D5DB2C1D2BF9595F00AD3CEC /* MovieDetailsViewController.swift in Sources */,
				D5A110122BF1FAA200D28500 /* AppDelegate.swift in Sources */,
				D5A110302BF1FD0B00D28500 /* MovieThreeListCategories.swift in Sources */,
				D5A110142BF1FAA200D28500 /* SceneDelegate.swift in Sources */,
				D5DB2C1B2BF958A100AD3CEC /* LoginView.swift in Sources */,
				D5A1102C2BF1FBAB00D28500 /* MovieListViewController.swift in Sources */,
			);
			runOnlyForDeploymentPostprocessing = 0;
		};
/* End PBXSourcesBuildPhase section */

/* Begin PBXVariantGroup section */
		D5A110172BF1FAA200D28500 /* Main.storyboard */ = {
			isa = PBXVariantGroup;
			children = (
				D5A110182BF1FAA200D28500 /* Base */,
			);
			name = Main.storyboard;
			sourceTree = "<group>";
		};
		D5A1101C2BF1FAA500D28500 /* LaunchScreen.storyboard */ = {
			isa = PBXVariantGroup;
			children = (
				D5A1101D2BF1FAA500D28500 /* Base */,
			);
			name = LaunchScreen.storyboard;
			sourceTree = "<group>";
		};
/* End PBXVariantGroup section */

/* Begin XCBuildConfiguration section */
		D5A110202BF1FAA500D28500 /* Debug */ = {
			isa = XCBuildConfiguration;
			buildSettings = {
				ALWAYS_SEARCH_USER_PATHS = NO;
				ASSETCATALOG_COMPILER_GENERATE_SWIFT_ASSET_SYMBOL_EXTENSIONS = YES;
				CLANG_ANALYZER_NONNULL = YES;
				CLANG_ANALYZER_NUMBER_OBJECT_CONVERSION = YES_AGGRESSIVE;
				CLANG_CXX_LANGUAGE_STANDARD = "gnu++20";
				CLANG_ENABLE_MODULES = YES;
				CLANG_ENABLE_OBJC_ARC = YES;
				CLANG_ENABLE_OBJC_WEAK = YES;
				CLANG_WARN_BLOCK_CAPTURE_AUTORELEASING = YES;
				CLANG_WARN_BOOL_CONVERSION = YES;
				CLANG_WARN_COMMA = YES;
				CLANG_WARN_CONSTANT_CONVERSION = YES;
				CLANG_WARN_DEPRECATED_OBJC_IMPLEMENTATIONS = YES;
				CLANG_WARN_DIRECT_OBJC_ISA_USAGE = YES_ERROR;
				CLANG_WARN_DOCUMENTATION_COMMENTS = YES;
				CLANG_WARN_EMPTY_BODY = YES;
				CLANG_WARN_ENUM_CONVERSION = YES;
				CLANG_WARN_INFINITE_RECURSION = YES;
				CLANG_WARN_INT_CONVERSION = YES;
				CLANG_WARN_NON_LITERAL_NULL_CONVERSION = YES;
				CLANG_WARN_OBJC_IMPLICIT_RETAIN_SELF = YES;
				CLANG_WARN_OBJC_LITERAL_CONVERSION = YES;
				CLANG_WARN_OBJC_ROOT_CLASS = YES_ERROR;
				CLANG_WARN_QUOTED_INCLUDE_IN_FRAMEWORK_HEADER = YES;
				CLANG_WARN_RANGE_LOOP_ANALYSIS = YES;
				CLANG_WARN_STRICT_PROTOTYPES = YES;
				CLANG_WARN_SUSPICIOUS_MOVE = YES;
				CLANG_WARN_UNGUARDED_AVAILABILITY = YES_AGGRESSIVE;
				CLANG_WARN_UNREACHABLE_CODE = YES;
				CLANG_WARN__DUPLICATE_METHOD_MATCH = YES;
				COPY_PHASE_STRIP = NO;
				DEBUG_INFORMATION_FORMAT = dwarf;
				ENABLE_STRICT_OBJC_MSGSEND = YES;
				ENABLE_TESTABILITY = YES;
				ENABLE_USER_SCRIPT_SANDBOXING = YES;
				GCC_C_LANGUAGE_STANDARD = gnu17;
				GCC_DYNAMIC_NO_PIC = NO;
				GCC_NO_COMMON_BLOCKS = YES;
				GCC_OPTIMIZATION_LEVEL = 0;
				GCC_PREPROCESSOR_DEFINITIONS = (
					"DEBUG=1",
					"$(inherited)",
				);
				GCC_WARN_64_TO_32_BIT_CONVERSION = YES;
				GCC_WARN_ABOUT_RETURN_TYPE = YES_ERROR;
				GCC_WARN_UNDECLARED_SELECTOR = YES;
				GCC_WARN_UNINITIALIZED_AUTOS = YES_AGGRESSIVE;
				GCC_WARN_UNUSED_FUNCTION = YES;
				GCC_WARN_UNUSED_VARIABLE = YES;
				IPHONEOS_DEPLOYMENT_TARGET = 17.2;
				LOCALIZATION_PREFERS_STRING_CATALOGS = YES;
				MTL_ENABLE_DEBUG_INFO = INCLUDE_SOURCE;
				MTL_FAST_MATH = YES;
				ONLY_ACTIVE_ARCH = YES;
				SDKROOT = iphoneos;
				SWIFT_ACTIVE_COMPILATION_CONDITIONS = "DEBUG $(inherited)";
				SWIFT_OPTIMIZATION_LEVEL = "-Onone";
			};
			name = Debug;
		};
		D5A110212BF1FAA500D28500 /* Release */ = {
			isa = XCBuildConfiguration;
			buildSettings = {
				ALWAYS_SEARCH_USER_PATHS = NO;
				ASSETCATALOG_COMPILER_GENERATE_SWIFT_ASSET_SYMBOL_EXTENSIONS = YES;
				CLANG_ANALYZER_NONNULL = YES;
				CLANG_ANALYZER_NUMBER_OBJECT_CONVERSION = YES_AGGRESSIVE;
				CLANG_CXX_LANGUAGE_STANDARD = "gnu++20";
				CLANG_ENABLE_MODULES = YES;
				CLANG_ENABLE_OBJC_ARC = YES;
				CLANG_ENABLE_OBJC_WEAK = YES;
				CLANG_WARN_BLOCK_CAPTURE_AUTORELEASING = YES;
				CLANG_WARN_BOOL_CONVERSION = YES;
				CLANG_WARN_COMMA = YES;
				CLANG_WARN_CONSTANT_CONVERSION = YES;
				CLANG_WARN_DEPRECATED_OBJC_IMPLEMENTATIONS = YES;
				CLANG_WARN_DIRECT_OBJC_ISA_USAGE = YES_ERROR;
				CLANG_WARN_DOCUMENTATION_COMMENTS = YES;
				CLANG_WARN_EMPTY_BODY = YES;
				CLANG_WARN_ENUM_CONVERSION = YES;
				CLANG_WARN_INFINITE_RECURSION = YES;
				CLANG_WARN_INT_CONVERSION = YES;
				CLANG_WARN_NON_LITERAL_NULL_CONVERSION = YES;
				CLANG_WARN_OBJC_IMPLICIT_RETAIN_SELF = YES;
				CLANG_WARN_OBJC_LITERAL_CONVERSION = YES;
				CLANG_WARN_OBJC_ROOT_CLASS = YES_ERROR;
				CLANG_WARN_QUOTED_INCLUDE_IN_FRAMEWORK_HEADER = YES;
				CLANG_WARN_RANGE_LOOP_ANALYSIS = YES;
				CLANG_WARN_STRICT_PROTOTYPES = YES;
				CLANG_WARN_SUSPICIOUS_MOVE = YES;
				CLANG_WARN_UNGUARDED_AVAILABILITY = YES_AGGRESSIVE;
				CLANG_WARN_UNREACHABLE_CODE = YES;
				CLANG_WARN__DUPLICATE_METHOD_MATCH = YES;
				COPY_PHASE_STRIP = NO;
				DEBUG_INFORMATION_FORMAT = "dwarf-with-dsym";
				ENABLE_NS_ASSERTIONS = NO;
				ENABLE_STRICT_OBJC_MSGSEND = YES;
				ENABLE_USER_SCRIPT_SANDBOXING = YES;
				GCC_C_LANGUAGE_STANDARD = gnu17;
				GCC_NO_COMMON_BLOCKS = YES;
				GCC_WARN_64_TO_32_BIT_CONVERSION = YES;
				GCC_WARN_ABOUT_RETURN_TYPE = YES_ERROR;
				GCC_WARN_UNDECLARED_SELECTOR = YES;
				GCC_WARN_UNINITIALIZED_AUTOS = YES_AGGRESSIVE;
				GCC_WARN_UNUSED_FUNCTION = YES;
				GCC_WARN_UNUSED_VARIABLE = YES;
				IPHONEOS_DEPLOYMENT_TARGET = 17.2;
				LOCALIZATION_PREFERS_STRING_CATALOGS = YES;
				MTL_ENABLE_DEBUG_INFO = NO;
				MTL_FAST_MATH = YES;
				SDKROOT = iphoneos;
				SWIFT_COMPILATION_MODE = wholemodule;
				VALIDATE_PRODUCT = YES;
			};
			name = Release;
		};
		D5A110232BF1FAA500D28500 /* Debug */ = {
			isa = XCBuildConfiguration;
			buildSettings = {
				ASSETCATALOG_COMPILER_APPICON_NAME = AppIcon;
				ASSETCATALOG_COMPILER_GLOBAL_ACCENT_COLOR_NAME = AccentColor;
				CODE_SIGN_STYLE = Automatic;
				CURRENT_PROJECT_VERSION = 1;
				GENERATE_INFOPLIST_FILE = YES;
				INFOPLIST_FILE = MovieApp/Info.plist;
				INFOPLIST_KEY_UIApplicationSupportsIndirectInputEvents = YES;
				INFOPLIST_KEY_UILaunchStoryboardName = LaunchScreen;
				INFOPLIST_KEY_UIMainStoryboardFile = Main;
				INFOPLIST_KEY_UISupportedInterfaceOrientations_iPad = "UIInterfaceOrientationPortrait UIInterfaceOrientationPortraitUpsideDown UIInterfaceOrientationLandscapeLeft UIInterfaceOrientationLandscapeRight";
				INFOPLIST_KEY_UISupportedInterfaceOrientations_iPhone = "UIInterfaceOrientationPortrait UIInterfaceOrientationLandscapeLeft UIInterfaceOrientationLandscapeRight";
				LD_RUNPATH_SEARCH_PATHS = (
					"$(inherited)",
					"@executable_path/Frameworks",
				);
				MARKETING_VERSION = 1.0;
				PRODUCT_BUNDLE_IDENTIFIER = hr.fer.zrnc.nikola.MovieApp;
				PRODUCT_NAME = "$(TARGET_NAME)";
				SWIFT_EMIT_LOC_STRINGS = YES;
				SWIFT_VERSION = 5.0;
				TARGETED_DEVICE_FAMILY = "1,2";
			};
			name = Debug;
		};
		D5A110242BF1FAA500D28500 /* Release */ = {
			isa = XCBuildConfiguration;
			buildSettings = {
				ASSETCATALOG_COMPILER_APPICON_NAME = AppIcon;
				ASSETCATALOG_COMPILER_GLOBAL_ACCENT_COLOR_NAME = AccentColor;
				CODE_SIGN_STYLE = Automatic;
				CURRENT_PROJECT_VERSION = 1;
				GENERATE_INFOPLIST_FILE = YES;
				INFOPLIST_FILE = MovieApp/Info.plist;
				INFOPLIST_KEY_UIApplicationSupportsIndirectInputEvents = YES;
				INFOPLIST_KEY_UILaunchStoryboardName = LaunchScreen;
				INFOPLIST_KEY_UIMainStoryboardFile = Main;
				INFOPLIST_KEY_UISupportedInterfaceOrientations_iPad = "UIInterfaceOrientationPortrait UIInterfaceOrientationPortraitUpsideDown UIInterfaceOrientationLandscapeLeft UIInterfaceOrientationLandscapeRight";
				INFOPLIST_KEY_UISupportedInterfaceOrientations_iPhone = "UIInterfaceOrientationPortrait UIInterfaceOrientationLandscapeLeft UIInterfaceOrientationLandscapeRight";
				LD_RUNPATH_SEARCH_PATHS = (
					"$(inherited)",
					"@executable_path/Frameworks",
				);
				MARKETING_VERSION = 1.0;
				PRODUCT_BUNDLE_IDENTIFIER = hr.fer.zrnc.nikola.MovieApp;
				PRODUCT_NAME = "$(TARGET_NAME)";
				SWIFT_EMIT_LOC_STRINGS = YES;
				SWIFT_VERSION = 5.0;
				TARGETED_DEVICE_FAMILY = "1,2";
			};
			name = Release;
		};
/* End XCBuildConfiguration section */

/* Begin XCConfigurationList section */
		D5A110092BF1FAA200D28500 /* Build configuration list for PBXProject "MovieApp" */ = {
			isa = XCConfigurationList;
			buildConfigurations = (
				D5A110202BF1FAA500D28500 /* Debug */,
				D5A110212BF1FAA500D28500 /* Release */,
			);
			defaultConfigurationIsVisible = 0;
			defaultConfigurationName = Release;
		};
		D5A110222BF1FAA500D28500 /* Build configuration list for PBXNativeTarget "MovieApp" */ = {
			isa = XCConfigurationList;
			buildConfigurations = (
				D5A110232BF1FAA500D28500 /* Debug */,
				D5A110242BF1FAA500D28500 /* Release */,
			);
			defaultConfigurationIsVisible = 0;
			defaultConfigurationName = Release;
		};
/* End XCConfigurationList section */

/* Begin XCRemoteSwiftPackageReference section */
		D5A110252BF1FAFC00D28500 /* XCRemoteSwiftPackageReference "PureLayout" */ = {
			isa = XCRemoteSwiftPackageReference;
			repositoryURL = "https://github.com/PureLayout/PureLayout.git";
			requirement = {
				kind = upToNextMajorVersion;
				minimumVersion = 3.1.9;
			};
		};
		D5A110282BF1FB2200D28500 /* XCRemoteSwiftPackageReference "MovieAppData" */ = {
			isa = XCRemoteSwiftPackageReference;
			repositoryURL = "https://github.com/fiveagency/MovieAppData";
			requirement = {
				kind = upToNextMajorVersion;
				minimumVersion = 2.1.1;
			};
		};
/* End XCRemoteSwiftPackageReference section */

/* Begin XCSwiftPackageProductDependency section */
		D5A110262BF1FAFC00D28500 /* PureLayout */ = {
			isa = XCSwiftPackageProductDependency;
			package = D5A110252BF1FAFC00D28500 /* XCRemoteSwiftPackageReference "PureLayout" */;
			productName = PureLayout;
		};
		D5A110292BF1FB2200D28500 /* MovieAppData */ = {
			isa = XCSwiftPackageProductDependency;
			package = D5A110282BF1FB2200D28500 /* XCRemoteSwiftPackageReference "MovieAppData" */;
			productName = MovieAppData;
		};
/* End XCSwiftPackageProductDependency section */
	};
	rootObject = D5A110062BF1FAA200D28500 /* Project object */;
}
